
Microsoft Visual Studio Solution File, Format Version 12.00
# Visual Studio Version 16
VisualStudioVersion = 16.0.30804.86
MinimumVisualStudioVersion = 10.0.40219.1
Project("{888888A0-9F3D-457C-B088-3A5042F75D52}") = "scalequestion2", "scalequestion2.pyproj", "{44322F5F-7DC1-4E91-8300-EDB32499DAB9}"
EndProject
Global
	GlobalSection(SolutionConfigurationPlatforms) = preSolution
		Debug|Any CPU = Debug|Any CPU
		Release|Any CPU = Release|Any CPU
	EndGlobalSection
	GlobalSection(ProjectConfigurationPlatforms) = postSolution
		{44322F5F-7DC1-4E91-8300-EDB32499DAB9}.Debug|Any CPU.ActiveCfg = Debug|Any CPU
		{44322F5F-7DC1-4E91-8300-EDB32499DAB9}.Debug|Any CPU.Build.0 = Debug|Any CPU
		{44322F5F-7DC1-4E91-8300-EDB32499DAB9}.Release|Any CPU.ActiveCfg = Release|Any CPU
		{44322F5F-7DC1-4E91-8300-EDB32499DAB9}.Release|Any CPU.Build.0 = Release|Any CPU
	EndGlobalSection
	GlobalSection(SolutionProperties) = preSolution
		HideSolutionNode = FALSE
	EndGlobalSection
	GlobalSection(ExtensibilityGlobals) = postSolution
		SolutionGuid = {29950ED3-72AB-4A0E-8D43-74D237E7762C}
	EndGlobalSection
EndGlobal
